
Microsoft Visual Studio Solution File, Format Version 12.00
# Visual Studio Version 16
VisualStudioVersion = 16.0.31729.503
MinimumVisualStudioVersion = 10.0.40219.1
Project("{FAE04EC0-301F-11D3-BF4B-00C04F79EFBC}") = "de0a100", "de0a100\de0a100.csproj", "{AE472F7C-61F7-4890-858F-7F18C3BAFFE3}"
EndProject
Global
	GlobalSection(SolutionConfigurationPlatforms) = preSolution
		Debug|Any CPU = Debug|Any CPU
		Release|Any CPU = Release|Any CPU
	EndGlobalSection
	GlobalSection(ProjectConfigurationPlatforms) = postSolution
		{AE472F7C-61F7-4890-858F-7F18C3BAFFE3}.Debug|Any CPU.ActiveCfg = Debug|Any CPU
		{AE472F7C-61F7-4890-858F-7F18C3BAFFE3}.Debug|Any CPU.Build.0 = Debug|Any CPU
		{AE472F7C-61F7-4890-858F-7F18C3BAFFE3}.Release|Any CPU.ActiveCfg = Release|Any CPU
		{AE472F7C-61F7-4890-858F-7F18C3BAFFE3}.Release|Any CPU.Build.0 = Release|Any CPU
	EndGlobalSection
	GlobalSection(SolutionProperties) = preSolution
		HideSolutionNode = FALSE
	EndGlobalSection
	GlobalSection(ExtensibilityGlobals) = postSolution
		SolutionGuid = {F89ACC0F-359D-43E8-BF77-6FBF4885902F}
	EndGlobalSection
EndGlobal
