
Microsoft Visual Studio Solution File, Format Version 12.00
# Visual Studio Version 16
VisualStudioVersion = 16.0.31729.503
MinimumVisualStudioVersion = 10.0.40219.1
Project("{FAE04EC0-301F-11D3-BF4B-00C04F79EFBC}") = "UsandoTernario", "UsandoTernario\UsandoTernario.csproj", "{9F8C6C18-2586-4557-8CD2-AEAD3C5EFB67}"
EndProject
Global
	GlobalSection(SolutionConfigurationPlatforms) = preSolution
		Debug|Any CPU = Debug|Any CPU
		Release|Any CPU = Release|Any CPU
	EndGlobalSection
	GlobalSection(ProjectConfigurationPlatforms) = postSolution
		{9F8C6C18-2586-4557-8CD2-AEAD3C5EFB67}.Debug|Any CPU.ActiveCfg = Debug|Any CPU
		{9F8C6C18-2586-4557-8CD2-AEAD3C5EFB67}.Debug|Any CPU.Build.0 = Debug|Any CPU
		{9F8C6C18-2586-4557-8CD2-AEAD3C5EFB67}.Release|Any CPU.ActiveCfg = Release|Any CPU
		{9F8C6C18-2586-4557-8CD2-AEAD3C5EFB67}.Release|Any CPU.Build.0 = Release|Any CPU
	EndGlobalSection
	GlobalSection(SolutionProperties) = preSolution
		HideSolutionNode = FALSE
	EndGlobalSection
	GlobalSection(ExtensibilityGlobals) = postSolution
		SolutionGuid = {1112E2BB-8398-473D-909C-6C1C401E167A}
	EndGlobalSection
EndGlobal
