
Microsoft Visual Studio Solution File, Format Version 12.00
# Visual Studio Version 16
VisualStudioVersion = 16.0.31729.503
MinimumVisualStudioVersion = 10.0.40219.1
Project("{FAE04EC0-301F-11D3-BF4B-00C04F79EFBC}") = "ClassificarTriangulos", "ClassificarTriangulos\ClassificarTriangulos.csproj", "{023F1DE5-EFD5-400E-BDA7-640ED75FF051}"
EndProject
Global
	GlobalSection(SolutionConfigurationPlatforms) = preSolution
		Debug|Any CPU = Debug|Any CPU
		Release|Any CPU = Release|Any CPU
	EndGlobalSection
	GlobalSection(ProjectConfigurationPlatforms) = postSolution
		{023F1DE5-EFD5-400E-BDA7-640ED75FF051}.Debug|Any CPU.ActiveCfg = Debug|Any CPU
		{023F1DE5-EFD5-400E-BDA7-640ED75FF051}.Debug|Any CPU.Build.0 = Debug|Any CPU
		{023F1DE5-EFD5-400E-BDA7-640ED75FF051}.Release|Any CPU.ActiveCfg = Release|Any CPU
		{023F1DE5-EFD5-400E-BDA7-640ED75FF051}.Release|Any CPU.Build.0 = Release|Any CPU
	EndGlobalSection
	GlobalSection(SolutionProperties) = preSolution
		HideSolutionNode = FALSE
	EndGlobalSection
	GlobalSection(ExtensibilityGlobals) = postSolution
		SolutionGuid = {88DCB115-7CC3-4E44-B5D1-D7DE7086BC10}
	EndGlobalSection
EndGlobal
